
Microsoft Visual Studio Solution File, Format Version 12.00
# Visual Studio Version 16
VisualStudioVersion = 16.0.31702.278
MinimumVisualStudioVersion = 10.0.40219.1
Project("{FAE04EC0-301F-11D3-BF4B-00C04F79EFBC}") = "WebMVCBook", "WebMVCBook\WebMVCBook.csproj", "{983B522F-10FA-478F-8253-BDB6B5D3346D}"
EndProject
Global
	GlobalSection(SolutionConfigurationPlatforms) = preSolution
		Debug|Any CPU = Debug|Any CPU
		Release|Any CPU = Release|Any CPU
	EndGlobalSection
	GlobalSection(ProjectConfigurationPlatforms) = postSolution
		{983B522F-10FA-478F-8253-BDB6B5D3346D}.Debug|Any CPU.ActiveCfg = Debug|Any CPU
		{983B522F-10FA-478F-8253-BDB6B5D3346D}.Debug|Any CPU.Build.0 = Debug|Any CPU
		{983B522F-10FA-478F-8253-BDB6B5D3346D}.Release|Any CPU.ActiveCfg = Release|Any CPU
		{983B522F-10FA-478F-8253-BDB6B5D3346D}.Release|Any CPU.Build.0 = Release|Any CPU
	EndGlobalSection
	GlobalSection(SolutionProperties) = preSolution
		HideSolutionNode = FALSE
	EndGlobalSection
	GlobalSection(ExtensibilityGlobals) = postSolution
		SolutionGuid = {94896F19-1FAB-42CC-923D-A1DEF2B3736D}
	EndGlobalSection
EndGlobal
