
Microsoft Visual Studio Solution File, Format Version 12.00
# Visual Studio Version 17
VisualStudioVersion = 17.0.32002.185
MinimumVisualStudioVersion = 10.0.40219.1
Project("{FAE04EC0-301F-11D3-BF4B-00C04F79EFBC}") = "loginGoogle", "loginGoogle\loginGoogle.csproj", "{BBDD0E76-27DE-4137-9536-015AF5715344}"
EndProject
Global
	GlobalSection(SolutionConfigurationPlatforms) = preSolution
		Debug|Any CPU = Debug|Any CPU
		Release|Any CPU = Release|Any CPU
	EndGlobalSection
	GlobalSection(ProjectConfigurationPlatforms) = postSolution
		{BBDD0E76-27DE-4137-9536-015AF5715344}.Debug|Any CPU.ActiveCfg = Debug|Any CPU
		{BBDD0E76-27DE-4137-9536-015AF5715344}.Debug|Any CPU.Build.0 = Debug|Any CPU
		{BBDD0E76-27DE-4137-9536-015AF5715344}.Release|Any CPU.ActiveCfg = Release|Any CPU
		{BBDD0E76-27DE-4137-9536-015AF5715344}.Release|Any CPU.Build.0 = Release|Any CPU
	EndGlobalSection
	GlobalSection(SolutionProperties) = preSolution
		HideSolutionNode = FALSE
	EndGlobalSection
	GlobalSection(ExtensibilityGlobals) = postSolution
		SolutionGuid = {16ECD9E2-5531-48F4-9BBC-D93A9743092C}
	EndGlobalSection
EndGlobal
