
Microsoft Visual Studio Solution File, Format Version 12.00
# Visual Studio Version 16
VisualStudioVersion = 16.0.31702.278
MinimumVisualStudioVersion = 10.0.40219.1
Project("{FAE04EC0-301F-11D3-BF4B-00C04F79EFBC}") = "U09 1", "U09 1\U09 1.csproj", "{E3D5C30B-6E6A-4D8E-86EC-1FDDA08216A6}"
EndProject
Global
	GlobalSection(SolutionConfigurationPlatforms) = preSolution
		Debug|ARM = Debug|ARM
		Debug|ARM64 = Debug|ARM64
		Debug|x64 = Debug|x64
		Debug|x86 = Debug|x86
		Release|ARM = Release|ARM
		Release|ARM64 = Release|ARM64
		Release|x64 = Release|x64
		Release|x86 = Release|x86
	EndGlobalSection
	GlobalSection(ProjectConfigurationPlatforms) = postSolution
		{E3D5C30B-6E6A-4D8E-86EC-1FDDA08216A6}.Debug|ARM.ActiveCfg = Debug|ARM
		{E3D5C30B-6E6A-4D8E-86EC-1FDDA08216A6}.Debug|ARM.Build.0 = Debug|ARM
		{E3D5C30B-6E6A-4D8E-86EC-1FDDA08216A6}.Debug|ARM.Deploy.0 = Debug|ARM
		{E3D5C30B-6E6A-4D8E-86EC-1FDDA08216A6}.Debug|ARM64.ActiveCfg = Debug|ARM64
		{E3D5C30B-6E6A-4D8E-86EC-1FDDA08216A6}.Debug|ARM64.Build.0 = Debug|ARM64
		{E3D5C30B-6E6A-4D8E-86EC-1FDDA08216A6}.Debug|ARM64.Deploy.0 = Debug|ARM64
		{E3D5C30B-6E6A-4D8E-86EC-1FDDA08216A6}.Debug|x64.ActiveCfg = Debug|x64
		{E3D5C30B-6E6A-4D8E-86EC-1FDDA08216A6}.Debug|x64.Build.0 = Debug|x64
		{E3D5C30B-6E6A-4D8E-86EC-1FDDA08216A6}.Debug|x64.Deploy.0 = Debug|x64
		{E3D5C30B-6E6A-4D8E-86EC-1FDDA08216A6}.Debug|x86.ActiveCfg = Debug|x86
		{E3D5C30B-6E6A-4D8E-86EC-1FDDA08216A6}.Debug|x86.Build.0 = Debug|x86
		{E3D5C30B-6E6A-4D8E-86EC-1FDDA08216A6}.Debug|x86.Deploy.0 = Debug|x86
		{E3D5C30B-6E6A-4D8E-86EC-1FDDA08216A6}.Release|ARM.ActiveCfg = Release|ARM
		{E3D5C30B-6E6A-4D8E-86EC-1FDDA08216A6}.Release|ARM.Build.0 = Release|ARM
		{E3D5C30B-6E6A-4D8E-86EC-1FDDA08216A6}.Release|ARM.Deploy.0 = Release|ARM
		{E3D5C30B-6E6A-4D8E-86EC-1FDDA08216A6}.Release|ARM64.ActiveCfg = Release|ARM64
		{E3D5C30B-6E6A-4D8E-86EC-1FDDA08216A6}.Release|ARM64.Build.0 = Release|ARM64
		{E3D5C30B-6E6A-4D8E-86EC-1FDDA08216A6}.Release|ARM64.Deploy.0 = Release|ARM64
		{E3D5C30B-6E6A-4D8E-86EC-1FDDA08216A6}.Release|x64.ActiveCfg = Release|x64
		{E3D5C30B-6E6A-4D8E-86EC-1FDDA08216A6}.Release|x64.Build.0 = Release|x64
		{E3D5C30B-6E6A-4D8E-86EC-1FDDA08216A6}.Release|x64.Deploy.0 = Release|x64
		{E3D5C30B-6E6A-4D8E-86EC-1FDDA08216A6}.Release|x86.ActiveCfg = Release|x86
		{E3D5C30B-6E6A-4D8E-86EC-1FDDA08216A6}.Release|x86.Build.0 = Release|x86
		{E3D5C30B-6E6A-4D8E-86EC-1FDDA08216A6}.Release|x86.Deploy.0 = Release|x86
	EndGlobalSection
	GlobalSection(SolutionProperties) = preSolution
		HideSolutionNode = FALSE
	EndGlobalSection
	GlobalSection(ExtensibilityGlobals) = postSolution
		SolutionGuid = {2C0483B1-9436-4C98-B720-CE46F3DAC451}
	EndGlobalSection
EndGlobal
