
Microsoft Visual Studio Solution File, Format Version 12.00
# Visual Studio Version 17
VisualStudioVersion = 17.0.32002.185
MinimumVisualStudioVersion = 10.0.40219.1
Project("{FAE04EC0-301F-11D3-BF4B-00C04F79EFBC}") = "ASP.NET Core 101", "ASP.NET Core 101\ASP.NET Core 101.csproj", "{50542539-3C97-4A73-A6F0-C9FBCFF3D7D9}"
EndProject
Global
	GlobalSection(SolutionConfigurationPlatforms) = preSolution
		Debug|Any CPU = Debug|Any CPU
		Release|Any CPU = Release|Any CPU
	EndGlobalSection
	GlobalSection(ProjectConfigurationPlatforms) = postSolution
		{50542539-3C97-4A73-A6F0-C9FBCFF3D7D9}.Debug|Any CPU.ActiveCfg = Debug|Any CPU
		{50542539-3C97-4A73-A6F0-C9FBCFF3D7D9}.Debug|Any CPU.Build.0 = Debug|Any CPU
		{50542539-3C97-4A73-A6F0-C9FBCFF3D7D9}.Release|Any CPU.ActiveCfg = Release|Any CPU
		{50542539-3C97-4A73-A6F0-C9FBCFF3D7D9}.Release|Any CPU.Build.0 = Release|Any CPU
	EndGlobalSection
	GlobalSection(SolutionProperties) = preSolution
		HideSolutionNode = FALSE
	EndGlobalSection
	GlobalSection(ExtensibilityGlobals) = postSolution
		SolutionGuid = {E4E0A06B-D498-4821-9B34-74673DAE8B86}
	EndGlobalSection
EndGlobal
