
Microsoft Visual Studio Solution File, Format Version 12.00
# Visual Studio Version 17
VisualStudioVersion = 17.0.32002.185
MinimumVisualStudioVersion = 10.0.40219.1
Project("{FAE04EC0-301F-11D3-BF4B-00C04F79EFBC}") = "apiweb", "apiweb\apiweb.csproj", "{FA07B3B5-8A6A-4F78-83BD-39738E985E40}"
EndProject
Global
	GlobalSection(SolutionConfigurationPlatforms) = preSolution
		Debug|Any CPU = Debug|Any CPU
		Release|Any CPU = Release|Any CPU
	EndGlobalSection
	GlobalSection(ProjectConfigurationPlatforms) = postSolution
		{FA07B3B5-8A6A-4F78-83BD-39738E985E40}.Debug|Any CPU.ActiveCfg = Debug|Any CPU
		{FA07B3B5-8A6A-4F78-83BD-39738E985E40}.Debug|Any CPU.Build.0 = Debug|Any CPU
		{FA07B3B5-8A6A-4F78-83BD-39738E985E40}.Release|Any CPU.ActiveCfg = Release|Any CPU
		{FA07B3B5-8A6A-4F78-83BD-39738E985E40}.Release|Any CPU.Build.0 = Release|Any CPU
	EndGlobalSection
	GlobalSection(SolutionProperties) = preSolution
		HideSolutionNode = FALSE
	EndGlobalSection
	GlobalSection(ExtensibilityGlobals) = postSolution
		SolutionGuid = {FA194045-8585-4866-AA07-337D18DF8924}
	EndGlobalSection
EndGlobal
